# This file is automatically @generated by Poetry 1.4.2 and should not be changed by hand.

[[package]]
name = "asttokens"
version = "2.2.1"
description = "Annotate AST trees with source code positions"
category = "main"
optional = false
python-versions = "*"
files = [
    {file = "asttokens-2.2.1-py2.py3-none-any.whl", hash = "sha256:6b0ac9e93fb0335014d382b8fa9b3afa7df546984258005da0b9e7095b3deb1c"},
    {file = "asttokens-2.2.1.tar.gz", hash = "sha256:4622110b2a6f30b77e1473affaa97e711bc2f07d3f10848420ff1898edbe94f3"},
]

[package.dependencies]
six = "*"

[package.extras]
test = ["astroid", "pytest"]

[[package]]
name = "cython"
version = "0.29.34"
description = "The Cython compiler for writing C extensions for the Python language."
category = "main"
optional = false
python-versions = ">=2.6, !=3.0.*, !=3.1.*, !=3.2.*"
files = [
    {file = "Cython-0.29.34-cp27-cp27m-manylinux_2_5_i686.manylinux1_i686.whl", hash = "sha256:742544024ddb74314e2d597accdb747ed76bd126e61fcf49940a5b5be0a8f381"},
    {file = "Cython-0.29.34-cp27-cp27m-manylinux_2_5_x86_64.manylinux1_x86_64.whl", hash = "sha256:03daae07f8cbf797506446adae512c3dd86e7f27a62a541fa1ee254baf43e32c"},
    {file = "Cython-0.29.34-cp27-cp27mu-manylinux_2_5_i686.manylinux1_i686.whl", hash = "sha256:5a8de3e793a576e40ca9b4f5518610cd416273c7dc5e254115656b6e4ec70663"},
    {file = "Cython-0.29.34-cp27-cp27mu-manylinux_2_5_x86_64.manylinux1_x86_64.whl", hash = "sha256:60969d38e6a456a67e7ef8ae20668eff54e32ba439d4068ccf2854a44275a30f"},
    {file = "Cython-0.29.34-cp310-cp310-manylinux_2_17_aarch64.manylinux2014_aarch64.manylinux_2_24_aarch64.whl", hash = "sha256:21b88200620d80cfe193d199b259cdad2b9af56f916f0f7f474b5a3631ca0caa"},
    {file = "Cython-0.29.34-cp310-cp310-manylinux_2_17_x86_64.manylinux2014_x86_64.manylinux_2_24_x86_64.whl", hash = "sha256:308c8f1e58bf5e6e8a1c4dcf8abbd2d13d0f9b1e582f4d9ae8b89857342d8bb5"},
    {file = "Cython-0.29.34-cp310-cp310-manylinux_2_5_i686.manylinux1_i686.manylinux_2_24_i686.whl", hash = "sha256:d8f822fb6ecd5d88c42136561f82960612421154fc5bf23c57103a367bb91356"},
    {file = "Cython-0.29.34-cp310-cp310-musllinux_1_1_x86_64.whl", hash = "sha256:56866323f1660cecb4d5ff3a1fba92a56b91b7cfae0a8253777aa4bdb3bdf9a8"},
    {file = "Cython-0.29.34-cp311-cp311-manylinux_2_17_aarch64.manylinux2014_aarch64.manylinux_2_24_aarch64.whl", hash = "sha256:e971db8aeb12e7c0697cefafe65eefcc33ff1224ae3d8c7f83346cbc42c6c270"},
    {file = "Cython-0.29.34-cp311-cp311-manylinux_2_17_x86_64.manylinux2014_x86_64.manylinux_2_24_x86_64.whl", hash = "sha256:e4401270b0dc464c23671e2e9d52a60985f988318febaf51b047190e855bbe7d"},
    {file = "Cython-0.29.34-cp311-cp311-manylinux_2_5_i686.manylinux1_i686.manylinux_2_24_i686.whl", hash = "sha256:dce0a36d163c05ae8b21200059511217d79b47baf2b7b0f926e8367bd7a3cc24"},
    {file = "Cython-0.29.34-cp311-cp311-musllinux_1_1_x86_64.whl", hash = "sha256:dbd79221869ee9a6ccc4953b2c8838bb6ae08ab4d50ea4b60d7894f03739417b"},
    {file = "Cython-0.29.34-cp35-cp35m-manylinux_2_5_i686.manylinux1_i686.whl", hash = "sha256:a0f4229df10bc4545ebbeaaf96ebb706011d8b333e54ed202beb03f2bee0a50e"},
    {file = "Cython-0.29.34-cp35-cp35m-manylinux_2_5_x86_64.manylinux1_x86_64.whl", hash = "sha256:fd1ea21f1cebf33ae288caa0f3e9b5563a709f4df8925d53bad99be693fc0d9b"},
    {file = "Cython-0.29.34-cp36-cp36m-manylinux_2_17_aarch64.manylinux2014_aarch64.manylinux_2_24_aarch64.whl", hash = "sha256:d7ef5f68f4c5baa93349ea54a352f8716d18bee9a37f3e93eff38a5d4e9b7262"},
    {file = "Cython-0.29.34-cp36-cp36m-manylinux_2_17_x86_64.manylinux2014_x86_64.manylinux_2_24_x86_64.whl", hash = "sha256:459994d1de0f99bb18fad9f2325f760c4b392b1324aef37bcc1cd94922dfce41"},
    {file = "Cython-0.29.34-cp36-cp36m-manylinux_2_5_i686.manylinux1_i686.manylinux_2_24_i686.whl", hash = "sha256:1d6c809e2f9ce5950bbc52a1d2352ef3d4fc56186b64cb0d50c8c5a3c1d17661"},
    {file = "Cython-0.29.34-cp36-cp36m-manylinux_2_5_i686.manylinux1_i686.whl", hash = "sha256:f674ceb5f722d364395f180fbac273072fc1a266aab924acc9cfd5afc645aae1"},
    {file = "Cython-0.29.34-cp36-cp36m-manylinux_2_5_x86_64.manylinux1_x86_64.whl", hash = "sha256:9489de5b2044dcdfd9d6ca8242a02d560137b3c41b1f5ae1c4f6707d66d6e44d"},
    {file = "Cython-0.29.34-cp36-cp36m-musllinux_1_1_x86_64.whl", hash = "sha256:5c121dc185040f4333bfded68963b4529698e1b6d994da56be32c97a90c896b6"},
    {file = "Cython-0.29.34-cp37-cp37m-manylinux_2_17_aarch64.manylinux2014_aarch64.manylinux_2_24_aarch64.whl", hash = "sha256:b6149f7cc5b31bccb158c5b968e5a8d374fdc629792e7b928a9b66e08b03fca5"},
    {file = "Cython-0.29.34-cp37-cp37m-manylinux_2_17_x86_64.manylinux2014_x86_64.manylinux_2_24_x86_64.whl", hash = "sha256:0ab3cbf3d62b0354631a45dc93cfcdf79098663b1c65a6033af4a452b52217a7"},
    {file = "Cython-0.29.34-cp37-cp37m-manylinux_2_5_i686.manylinux1_i686.manylinux_2_24_i686.whl", hash = "sha256:4a2723447d1334484681d5aede34184f2da66317891f94b80e693a2f96a8f1a7"},
    {file = "Cython-0.29.34-cp37-cp37m-manylinux_2_5_i686.manylinux1_i686.whl", hash = "sha256:e40cf86aadc29ecd1cb6de67b0d9488705865deea4fc185c7ad56d7a6fc78703"},
    {file = "Cython-0.29.34-cp37-cp37m-manylinux_2_5_x86_64.manylinux1_x86_64.whl", hash = "sha256:8c3cd8bb8e880a3346f5685601004d96e0a2221e73edcaeea57ea848618b4ac6"},
    {file = "Cython-0.29.34-cp37-cp37m-musllinux_1_1_x86_64.whl", hash = "sha256:0e9032cd650b0cb1d2c2ef2623f5714c14d14c28d7647d589c3eeed0baf7428e"},
    {file = "Cython-0.29.34-cp38-cp38-manylinux_2_17_aarch64.manylinux2014_aarch64.manylinux_2_24_aarch64.whl", hash = "sha256:bdb3285660e3068438791ace7dd7b1efd6b442a10b5c8d7a4f0c9d184d08c8ed"},
    {file = "Cython-0.29.34-cp38-cp38-manylinux_2_17_x86_64.manylinux2014_x86_64.manylinux_2_24_x86_64.whl", hash = "sha256:a8ad755f9364e720f10a36734a1c7a5ced5c679446718b589259261438a517c9"},
    {file = "Cython-0.29.34-cp38-cp38-manylinux_2_5_i686.manylinux1_i686.manylinux_2_24_i686.whl", hash = "sha256:7595d29eaee95633dd8060f50f0e54b27472d01587659557ebcfe39da3ea946b"},
    {file = "Cython-0.29.34-cp38-cp38-manylinux_2_5_i686.manylinux1_i686.whl", hash = "sha256:e6ef7879668214d80ea3914c17e7d4e1ebf4242e0dd4dabe95ca5ccbe75589a5"},
    {file = "Cython-0.29.34-cp38-cp38-manylinux_2_5_x86_64.manylinux1_x86_64.whl", hash = "sha256:ccb223b5f0fd95d8d27561efc0c14502c0945f1a32274835831efa5d5baddfc1"},
    {file = "Cython-0.29.34-cp38-cp38-musllinux_1_1_x86_64.whl", hash = "sha256:11b1b278b8edef215caaa5250ad65a10023bfa0b5a93c776552248fc6f60098d"},
    {file = "Cython-0.29.34-cp39-cp39-manylinux_2_17_aarch64.manylinux2014_aarch64.manylinux_2_24_aarch64.whl", hash = "sha256:5718319a01489688fdd22ddebb8e2fcbbd60be5f30de4336ea7063c3ae29fbe5"},
    {file = "Cython-0.29.34-cp39-cp39-manylinux_2_17_x86_64.manylinux2014_x86_64.manylinux_2_24_x86_64.whl", hash = "sha256:cfb2302ef617d647ee590a4c0a00ba3c2da05f301dcefe7721125565d2e51351"},
    {file = "Cython-0.29.34-cp39-cp39-manylinux_2_5_i686.manylinux1_i686.manylinux_2_24_i686.whl", hash = "sha256:67b850cf46b861bc27226d31e1d87c0e69869a02f8d3cc5d5bef549764029879"},
    {file = "Cython-0.29.34-cp39-cp39-manylinux_2_5_i686.manylinux1_i686.whl", hash = "sha256:0963266dad685812c1dbb758fcd4de78290e3adc7db271c8664dcde27380b13e"},
    {file = "Cython-0.29.34-cp39-cp39-manylinux_2_5_x86_64.manylinux1_x86_64.whl", hash = "sha256:7879992487d9060a61393eeefe00d299210256928dce44d887b6be313d342bac"},
    {file = "Cython-0.29.34-cp39-cp39-musllinux_1_1_x86_64.whl", hash = "sha256:44733366f1604b0c327613b6918469284878d2f5084297d10d26072fc6948d51"},
    {file = "Cython-0.29.34-py2.py3-none-any.whl", hash = "sha256:be4f6b7be75a201c290c8611c0978549c60353890204573078e865423dbe3c83"},
    {file = "Cython-0.29.34.tar.gz", hash = "sha256:1909688f5d7b521a60c396d20bba9e47a1b2d2784bfb085401e1e1e7d29a29a8"},
]

[[package]]
name = "devtools"
version = "0.11.0"
description = "Python's missing debug print command, and more."
category = "main"
optional = false
python-versions = ">=3.7"
files = [
    {file = "devtools-0.11.0-py3-none-any.whl", hash = "sha256:22a3b65b58713ccd7e8586feffdefaad57bbdbc6ff76bd68ecf3150a00cf41e3"},
    {file = "devtools-0.11.0.tar.gz", hash = "sha256:4a6d987dfab0c7513a514e7faf0a71296d220423470204e76e0752d146dfad62"},
]

[package.dependencies]
asttokens = ">=2.0.0,<3.0.0"
executing = ">=1.1.1"

[package.extras]
pygments = ["pygments (>=2.2.0)"]

[[package]]
name = "executing"
version = "1.2.0"
description = "Get the currently executing AST node of a frame, and other information"
category = "main"
optional = false
python-versions = "*"
files = [
    {file = "executing-1.2.0-py2.py3-none-any.whl", hash = "sha256:0314a69e37426e3608aada02473b4161d4caf5a4b244d1d0c48072b8fee7bacc"},
    {file = "executing-1.2.0.tar.gz", hash = "sha256:19da64c18d2d851112f09c287f8d3dbbdf725ab0e569077efb6cdcbd3497c107"},
]

[package.extras]
tests = ["asttokens", "littleutils", "pytest", "rich"]

[[package]]
name = "markdown-it-py"
version = "2.2.0"
description = "Python port of markdown-it. Markdown parsing, done right!"
category = "main"
optional = false
python-versions = ">=3.7"
files = [
    {file = "markdown-it-py-2.2.0.tar.gz", hash = "sha256:7c9a5e412688bc771c67432cbfebcdd686c93ce6484913dccf06cb5a0bea35a1"},
    {file = "markdown_it_py-2.2.0-py3-none-any.whl", hash = "sha256:5a35f8d1870171d9acc47b99612dc146129b631baf04970128b568f190d0cc30"},
]

[package.dependencies]
mdurl = ">=0.1,<1.0"

[package.extras]
benchmarking = ["psutil", "pytest", "pytest-benchmark"]
code-style = ["pre-commit (>=3.0,<4.0)"]
compare = ["commonmark (>=0.9,<1.0)", "markdown (>=3.4,<4.0)", "mistletoe (>=1.0,<2.0)", "mistune (>=2.0,<3.0)", "panflute (>=2.3,<3.0)"]
linkify = ["linkify-it-py (>=1,<3)"]
plugins = ["mdit-py-plugins"]
profiling = ["gprof2dot"]
rtd = ["attrs", "myst-parser", "pyyaml", "sphinx", "sphinx-copybutton", "sphinx-design", "sphinx_book_theme"]
testing = ["coverage", "pytest", "pytest-cov", "pytest-regressions"]

[[package]]
name = "mdurl"
version = "0.1.2"
description = "Markdown URL utilities"
category = "main"
optional = false
python-versions = ">=3.7"
files = [
    {file = "mdurl-0.1.2-py3-none-any.whl", hash = "sha256:84008a41e51615a49fc9966191ff91509e3c40b939176e643fd50a5c2196b8f8"},
    {file = "mdurl-0.1.2.tar.gz", hash = "sha256:bb413d29f5eea38f31dd4754dd7377d4465116fb207585f97bf925588687c1ba"},
]

[[package]]
name = "pygments"
version = "2.14.0"
description = "Pygments is a syntax highlighting package written in Python."
category = "main"
optional = false
python-versions = ">=3.6"
files = [
    {file = "Pygments-2.14.0-py3-none-any.whl", hash = "sha256:fa7bd7bd2771287c0de303af8bfdfc731f51bd2c6a47ab69d117138893b82717"},
    {file = "Pygments-2.14.0.tar.gz", hash = "sha256:b3ed06a9e8ac9a9aae5a6f5dbe78a8a58655d17b43b93c078f094ddc476ae297"},
]

[package.extras]
plugins = ["importlib-metadata"]

[[package]]
name = "pysdl2-dll"
version = "2.26.2"
description = "Pre-built SDL2 binaries for PySDL2"
category = "main"
optional = false
python-versions = "*"
files = [
    {file = "pysdl2-dll-2.26.2.tar.gz", hash = "sha256:bacba1a1b047d370c260bf66e75206f97469456611abbb5f3197c52e66ddf547"},
    {file = "pysdl2_dll-2.26.2-py2.py3-none-macosx_10_9_universal2.whl", hash = "sha256:632ecd0aa33e0fd54dbcfaffcf136ac86e78cf243f8bb0e849259e29ab280bd0"},
    {file = "pysdl2_dll-2.26.2-py2.py3-none-macosx_10_9_x86_64.whl", hash = "sha256:9b3cfa33a71232d753398c52df8cba1defa152731fe0053d77bfbf54079f5d4d"},
    {file = "pysdl2_dll-2.26.2-py2.py3-none-manylinux2014_i686.whl", hash = "sha256:5a27fab38e12e904375273fde4006862c414efd0e0470ff9fad1e9a473ac818d"},
    {file = "pysdl2_dll-2.26.2-py2.py3-none-manylinux2014_x86_64.whl", hash = "sha256:63c05dc7b00f0a47551ef8975666fa29944bf9f03876a1ed013b238f8d914f5a"},
    {file = "pysdl2_dll-2.26.2-py2.py3-none-manylinux_2_24_aarch64.whl", hash = "sha256:67e302953f8822796fbaea90aca7223835f6f7081ee9b2657a6b1106bae2bf0d"},
    {file = "pysdl2_dll-2.26.2-py2.py3-none-manylinux_2_24_x86_64.whl", hash = "sha256:4ab0639f1e9000e1cb7806d9846217d44940a191371a8aec2200c03dfefbf654"},
    {file = "pysdl2_dll-2.26.2-py2.py3-none-win32.whl", hash = "sha256:baa7060f416b7d0babce0f91090ca888b15f8f77408d20aa57a5105c88c092c0"},
    {file = "pysdl2_dll-2.26.2-py2.py3-none-win_amd64.whl", hash = "sha256:bd7ae82e0fdf892e6630f5e446cca2ad72d34d1df9da9797654eff98485ffeb6"},
]

[[package]]
name = "python-sdl2"
version = "0.0.2"
description = "python wrapper for SDL2"
category = "main"
optional = false
python-versions = ">=3.7,<4.0"
files = [
    {file = "python_sdl2-0.0.2-py3-none-any.whl", hash = "sha256:a711af3b814c495c8d4d5c5ebb7b5a640802ec0f30051313cac433fdd4defc04"},
    {file = "python_sdl2-0.0.2.tar.gz", hash = "sha256:e68c07a2fb8d8440e24509ea6c92c7f2f64000418089b8e26c982960a16a58f9"},
]

[package.dependencies]
pysdl2-dll = ">=2.26.2,<3.0.0"

[[package]]
name = "rich"
version = "13.3.3"
description = "Render rich text, tables, progress bars, syntax highlighting, markdown and more to the terminal"
category = "main"
optional = false
python-versions = ">=3.7.0"
files = [
    {file = "rich-13.3.3-py3-none-any.whl", hash = "sha256:540c7d6d26a1178e8e8b37e9ba44573a3cd1464ff6348b99ee7061b95d1c6333"},
    {file = "rich-13.3.3.tar.gz", hash = "sha256:dc84400a9d842b3a9c5ff74addd8eb798d155f36c1c91303888e0a66850d2a15"},
]

[package.dependencies]
markdown-it-py = ">=2.2.0,<3.0.0"
pygments = ">=2.13.0,<3.0.0"

[package.extras]
jupyter = ["ipywidgets (>=7.5.1,<9)"]

[[package]]
name = "rustpy"
version = "0.1.0"
description = ""
category = "main"
optional = false
python-versions = ">=3.11"
files = [
    {file = "rustpy-0.1.0-cp311-none-win_amd64.whl", hash = "sha256:14018165613bbf4d94a6c0e8ffaa6406e5c16d60f4e5e3bb9847f0e2ff02f4ce"},
]

[package.source]
type = "file"
url = "../target/wheels/rustpy-0.1.0-cp311-none-win_amd64.whl"

[[package]]
name = "six"
version = "1.16.0"
description = "Python 2 and 3 compatibility utilities"
category = "main"
optional = false
python-versions = ">=2.7, !=3.0.*, !=3.1.*, !=3.2.*"
files = [
    {file = "six-1.16.0-py2.py3-none-any.whl", hash = "sha256:8abb2f1d86890a2dfb989f9a77cfcfd3e47c2a354b01111771326f8aa26e0254"},
    {file = "six-1.16.0.tar.gz", hash = "sha256:1e61c37477a1626458e36f7b1d82aa5c9b094fa4802892072e49de9c60c4c926"},
]

[metadata]
lock-version = "2.0"
python-versions = "^3.11"
content-hash = "a580882a370304a1843f6ee538a5b9186d679bb9ee4c3fea05f1959a44a7f874"
